
Microsoft Visual Studio Solution File, Format Version 12.00
# Visual Studio Version 17
VisualStudioVersion = 17.9.34728.123
MinimumVisualStudioVersion = 10.0.40219.1
Project("{FAE04EC0-301F-11D3-BF4B-00C04F79EFBC}") = "Ap1_P1_StevenJavier", "Ap1_P1_StevenJavier\Ap1_P1_StevenJavier.csproj", "{28E0F23C-D3E3-4251-8A4A-98CF10A0E848}"
EndProject
Global
	GlobalSection(SolutionConfigurationPlatforms) = preSolution
		Debug|Any CPU = Debug|Any CPU
		Release|Any CPU = Release|Any CPU
	EndGlobalSection
	GlobalSection(ProjectConfigurationPlatforms) = postSolution
		{28E0F23C-D3E3-4251-8A4A-98CF10A0E848}.Debug|Any CPU.ActiveCfg = Debug|Any CPU
		{28E0F23C-D3E3-4251-8A4A-98CF10A0E848}.Debug|Any CPU.Build.0 = Debug|Any CPU
		{28E0F23C-D3E3-4251-8A4A-98CF10A0E848}.Release|Any CPU.ActiveCfg = Release|Any CPU
		{28E0F23C-D3E3-4251-8A4A-98CF10A0E848}.Release|Any CPU.Build.0 = Release|Any CPU
	EndGlobalSection
	GlobalSection(SolutionProperties) = preSolution
		HideSolutionNode = FALSE
	EndGlobalSection
	GlobalSection(ExtensibilityGlobals) = postSolution
		SolutionGuid = {545E58D5-6FDC-4480-AA58-BAAE6185242C}
	EndGlobalSection
EndGlobal
